
Microsoft Visual Studio Solution File, Format Version 12.00
# Visual Studio Version 17
VisualStudioVersion = 17.5.33424.131
MinimumVisualStudioVersion = 10.0.40219.1
Project("{FAE04EC0-301F-11D3-BF4B-00C04F79EFBC}") = "ConsoleReflectionPopulator", "ConsoleReflectionPopulator\ConsoleReflectionPopulator.csproj", "{90999AEE-AE3B-4527-BA91-CA47F7DA2E59}"
EndProject
Global
	GlobalSection(SolutionConfigurationPlatforms) = preSolution
		Debug|Any CPU = Debug|Any CPU
		Release|Any CPU = Release|Any CPU
	EndGlobalSection
	GlobalSection(ProjectConfigurationPlatforms) = postSolution
		{90999AEE-AE3B-4527-BA91-CA47F7DA2E59}.Debug|Any CPU.ActiveCfg = Debug|Any CPU
		{90999AEE-AE3B-4527-BA91-CA47F7DA2E59}.Debug|Any CPU.Build.0 = Debug|Any CPU
		{90999AEE-AE3B-4527-BA91-CA47F7DA2E59}.Release|Any CPU.ActiveCfg = Release|Any CPU
		{90999AEE-AE3B-4527-BA91-CA47F7DA2E59}.Release|Any CPU.Build.0 = Release|Any CPU
	EndGlobalSection
	GlobalSection(SolutionProperties) = preSolution
		HideSolutionNode = FALSE
	EndGlobalSection
	GlobalSection(ExtensibilityGlobals) = postSolution
		SolutionGuid = {0DE06750-8B3F-4F0B-AA58-A6FEDEA34B6B}
	EndGlobalSection
EndGlobal
